PODS:
  - Alamofire (5.0.0-rc.3)
  - MBProgressHUD (1.2.0)
  - NextLevel (0.16.1)
  - PINCache (3.0.1-beta.8):
    - PINCache/Arc-exception-safe (= 3.0.1-beta.8)
    - PINCache/Core (= 3.0.1-beta.8)
  - PINCache/Arc-exception-safe (3.0.1-beta.8):
    - PINCache/Core
  - PINCache/Core (3.0.1-beta.8):
    - PINOperation (~> 1.1.1)
  - PINOperation (1.1.2)
  - PINRemoteImage (3.0.0):
    - PINRemoteImage/PINCache (= 3.0.0)
  - PINRemoteImage/Core (3.0.0):
    - PINOperation
  - PINRemoteImage/PINCache (3.0.0):
    - PINCache (= 3.0.1-beta.8)
    - PINRemoteImage/Core
  - UIColor_Hex_Swift (5.1.0)
  - UIImageColors (2.1.0)
  - UIScrollView-InfiniteScroll (1.1.0)
  - "UIView+Shimmer (1.0.0)"

DEPENDENCIES:
  - Alamofire (~> 5.0.0-rc.3)
  - MBProgressHUD
  - NextLevel
  - PINRemoteImage
  - UIColor_Hex_Swift
  - UIImageColors
  - UIScrollView-InfiniteScroll
  - "UIView+Shimmer"

SPEC REPOS:
  trunk:
    - Alamofire
    - MBProgressHUD
    - NextLevel
    - PINCache
    - PINOperation
    - PINRemoteImage
    - UIColor_Hex_Swift
    - UIImageColors
    - UIScrollView-InfiniteScroll
    - "UIView+Shimmer"

SPEC CHECKSUMS:
  Alamofire: ca8c0de6906873be89d6deec5c8de279e00bf872
  MBProgressHUD: 3ee5efcc380f6a79a7cc9b363dd669c5e1ae7406
  NextLevel: 38f7771c35b66f0caccdc2a3e130d8fb20652ede
  PINCache: 534fd41d358d828dfdf227a0d327f3673a65e20b
  PINOperation: 24b774353ca248fcf87d67b2d61eef42087c125a
  PINRemoteImage: e2b89e19fb6e77ffc099f9d9f3b3fe1745e3f9f9
  UIColor_Hex_Swift: 8be7432edacb7fa91c78aa05ef3c30b66e4f9415
  UIImageColors: d2ef3b0877d203cbb06489eeb78ea8b7788caabe
  UIScrollView-InfiniteScroll: 3ef456bcbe759c19f510a383cff96e6647c98c98
  "UIView+Shimmer": ed634f95e8f4bda666b28b47bd85a4336a4117d8

PODFILE CHECKSUM: 22bce7cc499782ebd398492d25ae5590bd0f5ef1

COCOAPODS: 1.8.4
