PODS:
  - ChameleonFramework/Default (2.1.0)
  - ChameleonFramework/Swift (2.1.0):
    - ChameleonFramework/Default
  - FLAnimatedImage (1.0.12)
  - MBProgressHUD (1.0.0)
  - NextLevel (0.4.1)
  - OMGHTTPURLRQ (3.2.2):
    - OMGHTTPURLRQ/RQ (= 3.2.2)
  - OMGHTTPURLRQ/FormURLEncode (3.2.2)
  - OMGHTTPURLRQ/RQ (3.2.2):
    - OMGHTTPURLRQ/FormURLEncode
    - OMGHTTPURLRQ/UserAgent
  - OMGHTTPURLRQ/UserAgent (3.2.2)
  - PINCache (2.3)
  - PINRemoteImage (2.1.4):
    - PINRemoteImage/FLAnimatedImage (= 2.1.4)
  - PINRemoteImage/Core (2.1.4):
    - PINCache (>= 2.1)
  - PINRemoteImage/FLAnimatedImage (2.1.4):
    - FLAnimatedImage (>= 1.0)
    - PINRemoteImage/Core
  - PromiseKit (4.3.2):
    - PromiseKit/Foundation (= 4.3.2)
    - PromiseKit/QuartzCore (= 4.3.2)
    - PromiseKit/UIKit (= 4.3.2)
  - PromiseKit/CorePromise (4.3.2)
  - PromiseKit/Foundation (4.3.2):
    - PromiseKit/CorePromise
  - PromiseKit/OMGHTTPURLRQ (4.3.2):
    - OMGHTTPURLRQ (~> 3.2)
    - PromiseKit/Foundation
  - PromiseKit/QuartzCore (4.3.2):
    - PromiseKit/CorePromise
  - PromiseKit/UIKit (4.3.2):
    - PromiseKit/CorePromise
  - UIColor_Hex_Swift (3.0.2)
  - UIImageColors (1.4.0)
  - UIScrollView-InfiniteScroll (1.0.2)
  - UIView+Shimmer (1.0.0)

DEPENDENCIES:
  - ChameleonFramework/Swift (from `https://github.com/ViccAlexander/Chameleon.git`)
  - MBProgressHUD
  - NextLevel (~> 0.4.0)
  - PINRemoteImage
  - PromiseKit (~> 4.0)
  - PromiseKit/OMGHTTPURLRQ
  - UIColor_Hex_Swift (~> 3.0.2)
  - UIImageColors (~> 1.2)
  - UIScrollView-InfiniteScroll (~> 1.0.0)
  - UIView+Shimmer

EXTERNAL SOURCES:
  ChameleonFramework:
    :git: https://github.com/ViccAlexander/Chameleon.git

CHECKOUT OPTIONS:
  ChameleonFramework:
    :commit: 6dd284bde21ea2e7f9fd89bc36f40df16e16369d
    :git: https://github.com/ViccAlexander/Chameleon.git

SPEC CHECKSUMS:
  ChameleonFramework: d21a3cc247abfe5e37609a283a8238b03575cf64
  FLAnimatedImage: 4a0b56255d9b05f18b6dd7ee06871be5d3b89e31
  MBProgressHUD: 4890f671c94e8a0f3cf959aa731e9de2f036d71a
  NextLevel: 179d2351c95f75cd57676af4eedb25812f761917
  OMGHTTPURLRQ: edb14c7d28add69226b79d826f930805927a0ffa
  PINCache: ce36ed282031b92fc7733ffe831f474ff80fddc2
  PINRemoteImage: 4ac4011c5caefd6befd99758e09becede05d3226
  PromiseKit: 32430ae679605b17c15d6193679cae7bf60147f7
  UIColor_Hex_Swift: 95f718452092a3efc8a827dffd2c04d3237be02d
  UIImageColors: 1f891e1a3224efebb01ad476df3a5aed4220ee24
  UIScrollView-InfiniteScroll: c132d6d5851daff229ab4a1060ccf70a05a051c9
  UIView+Shimmer: ed634f95e8f4bda666b28b47bd85a4336a4117d8

PODFILE CHECKSUM: 03fa322b57f210a1952cdaa51c0f71e0dc8b1e51

COCOAPODS: 1.3.1
